
Microsoft Visual Studio Solution File, Format Version 12.00
# Visual Studio 15
Project("{FAE04EC0-301F-11D3-BF4B-00C04F79EFBC}") = "Assembly-CSharp", "Assembly-CSharp.csproj", "{A2C34313-898F-E962-1CC9-BD47FF4B7D33}"
EndProject
Project("{FAE04EC0-301F-11D3-BF4B-00C04F79EFBC}") = "Assembly-CSharp-Editor", "Assembly-CSharp-Editor.csproj", "{2C6627AE-E57B-4674-B33F-B3A4C53DFE1B}"
EndProject
Global
	GlobalSection(SolutionConfigurationPlatforms) = preSolution
		Debug|Any CPU = Debug|Any CPU
		Release|Any CPU = Release|Any CPU
	EndGlobalSection
	GlobalSection(ProjectConfigurationPlatforms) = postSolution
		{A2C34313-898F-E962-1CC9-BD47FF4B7D33}.Debug|Any CPU.ActiveCfg = Debug|Any CPU
		{A2C34313-898F-E962-1CC9-BD47FF4B7D33}.Debug|Any CPU.Build.0 = Debug|Any CPU
		{A2C34313-898F-E962-1CC9-BD47FF4B7D33}.Release|Any CPU.ActiveCfg = Release|Any CPU
		{A2C34313-898F-E962-1CC9-BD47FF4B7D33}.Release|Any CPU.Build.0 = Release|Any CPU
		{2C6627AE-E57B-4674-B33F-B3A4C53DFE1B}.Debug|Any CPU.ActiveCfg = Debug|Any CPU
		{2C6627AE-E57B-4674-B33F-B3A4C53DFE1B}.Debug|Any CPU.Build.0 = Debug|Any CPU
		{2C6627AE-E57B-4674-B33F-B3A4C53DFE1B}.Release|Any CPU.ActiveCfg = Release|Any CPU
		{2C6627AE-E57B-4674-B33F-B3A4C53DFE1B}.Release|Any CPU.Build.0 = Release|Any CPU
	EndGlobalSection
	GlobalSection(SolutionProperties) = preSolution
		HideSolutionNode = FALSE
	EndGlobalSection
EndGlobal
